// !$*UTF8*$!
{
	archiveVersion = 1;
	classes = {
	};
	objectVersion = 51;
	objects = {

/* Begin PBXBuildFile section */
		D94B97620C955285A62C85F5 /* Pods_ManagerTool.framework in Frameworks */ = {isa = PBXBuildFile; fileRef = C8B1DE2F618158C47B79A3B9 /* Pods_ManagerTool.framework */; };
		E50BF8CC267E94D900B6D83E /* AppDelegate.swift in Sources */ = {isa = PBXBuildFile; fileRef = E50BF8CB267E94D900B6D83E /* AppDelegate.swift */; };
		E50BF8CE267E94D900B6D83E /* SceneDelegate.swift in Sources */ = {isa = PBXBuildFile; fileRef = E50BF8CD267E94D900B6D83E /* SceneDelegate.swift */; };
		E50BF8D3267E94D900B6D83E /* Main.storyboard in Resources */ = {isa = PBXBuildFile; fileRef = E50BF8D1267E94D900B6D83E /* Main.storyboard */; };
		E50BF8D5267E94E100B6D83E /* Assets.xcassets in Resources */ = {isa = PBXBuildFile; fileRef = E50BF8D4267E94E100B6D83E /* Assets.xcassets */; };
		E50BF8D8267E94E100B6D83E /* LaunchScreen.storyboard in Resources */ = {isa = PBXBuildFile; fileRef = E50BF8D6267E94E100B6D83E /* LaunchScreen.storyboard */; };
		E51F9E8A267FD38D00ABAC36 /* PopupConfirmViewController.swift in Sources */ = {isa = PBXBuildFile; fileRef = E51F9E89267FD38D00ABAC36 /* PopupConfirmViewController.swift */; };
		E53ED6F6267F918700C5B51C /* EldoradoWebSiteParser.swift in Sources */ = {isa = PBXBuildFile; fileRef = E53ED6F5267F918700C5B51C /* EldoradoWebSiteParser.swift */; };
		E58D207B267EAA960065B480 /* ProductListViewController.swift in Sources */ = {isa = PBXBuildFile; fileRef = E58D207A267EAA960065B480 /* ProductListViewController.swift */; };
		E58D2080267EB0E30065B480 /* CustomProductsListTableViewCell.swift in Sources */ = {isa = PBXBuildFile; fileRef = E58D207E267EB0E30065B480 /* CustomProductsListTableViewCell.swift */; };
		E58D2081267EB0E30065B480 /* CustomBasketTableViewCell.xib in Resources */ = {isa = PBXBuildFile; fileRef = E58D207F267EB0E30065B480 /* CustomBasketTableViewCell.xib */; };
		E58D2084267EB2680065B480 /* ProductsListCellModel.swift in Sources */ = {isa = PBXBuildFile; fileRef = E58D2083267EB2680065B480 /* ProductsListCellModel.swift */; };
		E58D6F542682798600926134 /* ProductAddMethodsViewController.swift in Sources */ = {isa = PBXBuildFile; fileRef = E58D6F532682798600926134 /* ProductAddMethodsViewController.swift */; };
		E58D6F5C26827E6800926134 /* ManagerAccountViewController.swift in Sources */ = {isa = PBXBuildFile; fileRef = E58D6F5B26827E6800926134 /* ManagerAccountViewController.swift */; };
		E58D6F772682925900926134 /* DesignableView.swift in Sources */ = {isa = PBXBuildFile; fileRef = E58D6F762682925900926134 /* DesignableView.swift */; };
		E5F0A00B268235C600F59E59 /* GoogleService-Info.plist in Resources */ = {isa = PBXBuildFile; fileRef = E5F0A00A268235C600F59E59 /* GoogleService-Info.plist */; };
		E5F0A010268243A300F59E59 /* SaveActions.swift in Sources */ = {isa = PBXBuildFile; fileRef = E5F0A00F268243A300F59E59 /* SaveActions.swift */; };
		E5F0A015268270D300F59E59 /* Product.swift in Sources */ = {isa = PBXBuildFile; fileRef = E5F0A014268270D300F59E59 /* Product.swift */; };
/* End PBXBuildFile section */

/* Begin PBXFileReference section */
		1736E1FA7E6B33EDBA72B655 /* Pods-ManagerTool.release.xcconfig */ = {isa = PBXFileReference; includeInIndex = 1; lastKnownFileType = text.xcconfig; name = "Pods-ManagerTool.release.xcconfig"; path = "Target Support Files/Pods-ManagerTool/Pods-ManagerTool.release.xcconfig"; sourceTree = "<group>"; };
		C8B1DE2F618158C47B79A3B9 /* Pods_ManagerTool.framework */ = {isa = PBXFileReference; explicitFileType = wrapper.framework; includeInIndex = 0; path = Pods_ManagerTool.framework; sourceTree = BUILT_PRODUCTS_DIR; };
		E50BF8C8267E94D900B6D83E /* ManagerTool.app */ = {isa = PBXFileReference; explicitFileType = wrapper.application; includeInIndex = 0; path = ManagerTool.app; sourceTree = BUILT_PRODUCTS_DIR; };
		E50BF8CB267E94D900B6D83E /* AppDelegate.swift */ = {isa = PBXFileReference; lastKnownFileType = sourcecode.swift; path = AppDelegate.swift; sourceTree = "<group>"; };
		E50BF8CD267E94D900B6D83E /* SceneDelegate.swift */ = {isa = PBXFileReference; lastKnownFileType = sourcecode.swift; path = SceneDelegate.swift; sourceTree = "<group>"; };
		E50BF8D2267E94D900B6D83E /* Base */ = {isa = PBXFileReference; lastKnownFileType = file.storyboard; name = Base; path = Base.lproj/Main.storyboard; sourceTree = "<group>"; };
		E50BF8D4267E94E100B6D83E /* Assets.xcassets */ = {isa = PBXFileReference; lastKnownFileType = folder.assetcatalog; path = Assets.xcassets; sourceTree = "<group>"; };
		E50BF8D7267E94E100B6D83E /* Base */ = {isa = PBXFileReference; lastKnownFileType = file.storyboard; name = Base; path = Base.lproj/LaunchScreen.storyboard; sourceTree = "<group>"; };
		E50BF8D9267E94E100B6D83E /* Info.plist */ = {isa = PBXFileReference; lastKnownFileType = text.plist.xml; path = Info.plist; sourceTree = "<group>"; };
		E51F9E89267FD38D00ABAC36 /* PopupConfirmViewController.swift */ = {isa = PBXFileReference; lastKnownFileType = sourcecode.swift; path = PopupConfirmViewController.swift; sourceTree = "<group>"; };
		E53ED6F5267F918700C5B51C /* EldoradoWebSiteParser.swift */ = {isa = PBXFileReference; lastKnownFileType = sourcecode.swift; path = EldoradoWebSiteParser.swift; sourceTree = "<group>"; };
		E58D207A267EAA960065B480 /* ProductListViewController.swift */ = {isa = PBXFileReference; lastKnownFileType = sourcecode.swift; path = ProductListViewController.swift; sourceTree = "<group>"; };
		E58D207E267EB0E30065B480 /* CustomProductsListTableViewCell.swift */ = {isa = PBXFileReference; lastKnownFileType = sourcecode.swift; path = CustomProductsListTableViewCell.swift; sourceTree = "<group>"; };
		E58D207F267EB0E30065B480 /* CustomBasketTableViewCell.xib */ = {isa = PBXFileReference; lastKnownFileType = file.xib; path = CustomBasketTableViewCell.xib; sourceTree = "<group>"; };
		E58D2083267EB2680065B480 /* ProductsListCellModel.swift */ = {isa = PBXFileReference; lastKnownFileType = sourcecode.swift; path = ProductsListCellModel.swift; sourceTree = "<group>"; };
		E58D6F532682798600926134 /* ProductAddMethodsViewController.swift */ = {isa = PBXFileReference; lastKnownFileType = sourcecode.swift; path = ProductAddMethodsViewController.swift; sourceTree = "<group>"; };
		E58D6F5B26827E6800926134 /* ManagerAccountViewController.swift */ = {isa = PBXFileReference; lastKnownFileType = sourcecode.swift; path = ManagerAccountViewController.swift; sourceTree = "<group>"; };
		E58D6F762682925900926134 /* DesignableView.swift */ = {isa = PBXFileReference; lastKnownFileType = sourcecode.swift; path = DesignableView.swift; sourceTree = "<group>"; };
		E5F0A00A268235C600F59E59 /* GoogleService-Info.plist */ = {isa = PBXFileReference; fileEncoding = 4; lastKnownFileType = text.plist.xml; path = "GoogleService-Info.plist"; sourceTree = "<group>"; };
		E5F0A00F268243A300F59E59 /* SaveActions.swift */ = {isa = PBXFileReference; lastKnownFileType = sourcecode.swift; path = SaveActions.swift; sourceTree = "<group>"; };
		E5F0A014268270D300F59E59 /* Product.swift */ = {isa = PBXFileReference; lastKnownFileType = sourcecode.swift; path = Product.swift; sourceTree = "<group>"; };
		EEDFFDE8D34C6F9A11A24625 /* Pods-ManagerTool.debug.xcconfig */ = {isa = PBXFileReference; includeInIndex = 1; lastKnownFileType = text.xcconfig; name = "Pods-ManagerTool.debug.xcconfig"; path = "Target Support Files/Pods-ManagerTool/Pods-ManagerTool.debug.xcconfig"; sourceTree = "<group>"; };
/* End PBXFileReference section */

/* Begin PBXFrameworksBuildPhase section */
		E50BF8C5267E94D900B6D83E /* Frameworks */ = {
			isa = PBXFrameworksBuildPhase;
			buildActionMask = 2147483647;
			files = (
				D94B97620C955285A62C85F5 /* Pods_ManagerTool.framework in Frameworks */,
			);
			runOnlyForDeploymentPostprocessing = 0;
		};
/* End PBXFrameworksBuildPhase section */

/* Begin PBXGroup section */
		49F7B3A72580190AF56B8103 /* Pods */ = {
			isa = PBXGroup;
			children = (
				EEDFFDE8D34C6F9A11A24625 /* Pods-ManagerTool.debug.xcconfig */,
				1736E1FA7E6B33EDBA72B655 /* Pods-ManagerTool.release.xcconfig */,
			);
			path = Pods;
			sourceTree = "<group>";
		};
		AC989775D4A9FED227D099E0 /* Frameworks */ = {
			isa = PBXGroup;
			children = (
				C8B1DE2F618158C47B79A3B9 /* Pods_ManagerTool.framework */,
			);
			name = Frameworks;
			sourceTree = "<group>";
		};
		E50BF8BF267E94D900B6D83E = {
			isa = PBXGroup;
			children = (
				E50BF8CA267E94D900B6D83E /* ManagerTool */,
				E50BF8C9267E94D900B6D83E /* Products */,
				49F7B3A72580190AF56B8103 /* Pods */,
				AC989775D4A9FED227D099E0 /* Frameworks */,
			);
			sourceTree = "<group>";
		};
		E50BF8C9267E94D900B6D83E /* Products */ = {
			isa = PBXGroup;
			children = (
				E50BF8C8267E94D900B6D83E /* ManagerTool.app */,
			);
			name = Products;
			sourceTree = "<group>";
		};
		E50BF8CA267E94D900B6D83E /* ManagerTool */ = {
			isa = PBXGroup;
			children = (
				E53ED6EE267F8E0700C5B51C /* Model */,
				E53ED6ED267F8DE000C5B51C /* Presenter */,
				E53ED6EC267F8DAC00C5B51C /* View */,
				E50BF8CB267E94D900B6D83E /* AppDelegate.swift */,
				E50BF8CD267E94D900B6D83E /* SceneDelegate.swift */,
				E50BF8D4267E94E100B6D83E /* Assets.xcassets */,
				E5F0A00A268235C600F59E59 /* GoogleService-Info.plist */,
				E50BF8D9267E94E100B6D83E /* Info.plist */,
			);
			path = ManagerTool;
			sourceTree = "<group>";
		};
		E53ED6EC267F8DAC00C5B51C /* View */ = {
			isa = PBXGroup;
			children = (
				E58D207F267EB0E30065B480 /* CustomBasketTableViewCell.xib */,
				E50BF8D1267E94D900B6D83E /* Main.storyboard */,
				E50BF8D6267E94E100B6D83E /* LaunchScreen.storyboard */,
				E58D6F762682925900926134 /* DesignableView.swift */,
			);
			path = View;
			sourceTree = "<group>";
		};
		E53ED6ED267F8DE000C5B51C /* Presenter */ = {
			isa = PBXGroup;
			children = (
				E58D207E267EB0E30065B480 /* CustomProductsListTableViewCell.swift */,
				E58D207A267EAA960065B480 /* ProductListViewController.swift */,
				E58D6F532682798600926134 /* ProductAddMethodsViewController.swift */,
				E58D6F5B26827E6800926134 /* ManagerAccountViewController.swift */,
				E51F9E89267FD38D00ABAC36 /* PopupConfirmViewController.swift */,
			);
			path = Presenter;
			sourceTree = "<group>";
		};
		E53ED6EE267F8E0700C5B51C /* Model */ = {
			isa = PBXGroup;
			children = (
				E58D2083267EB2680065B480 /* ProductsListCellModel.swift */,
				E5F0A014268270D300F59E59 /* Product.swift */,
				E53ED6F5267F918700C5B51C /* EldoradoWebSiteParser.swift */,
				E5F0A00F268243A300F59E59 /* SaveActions.swift */,
			);
			path = Model;
			sourceTree = "<group>";
		};
/* End PBXGroup section */

/* Begin PBXNativeTarget section */
		E50BF8C7267E94D900B6D83E /* ManagerTool */ = {
			isa = PBXNativeTarget;
			buildConfigurationList = E50BF8DC267E94E100B6D83E /* Build configuration list for PBXNativeTarget "ManagerTool" */;
			buildPhases = (
				58FE4AFD5DAE3E61B92343A4 /* [CP] Check Pods Manifest.lock */,
				E50BF8C4267E94D900B6D83E /* Sources */,
				E50BF8C5267E94D900B6D83E /* Frameworks */,
				E50BF8C6267E94D900B6D83E /* Resources */,
				4B8ECC7370A2278C285D6C4D /* [CP] Embed Pods Frameworks */,
			);
			buildRules = (
			);
			dependencies = (
			);
			name = ManagerTool;
			productName = ManagerTool;
			productReference = E50BF8C8267E94D900B6D83E /* ManagerTool.app */;
			productType = "com.apple.product-type.application";
		};
/* End PBXNativeTarget section */

/* Begin PBXProject section */
		E50BF8C0267E94D900B6D83E /* Project object */ = {
			isa = PBXProject;
			attributes = {
				LastSwiftUpdateCheck = 1240;
				LastUpgradeCheck = 1240;
				TargetAttributes = {
					E50BF8C7267E94D900B6D83E = {
						CreatedOnToolsVersion = 12.4;
					};
				};
			};
			buildConfigurationList = E50BF8C3267E94D900B6D83E /* Build configuration list for PBXProject "ManagerTool" */;
			compatibilityVersion = "Xcode 9.3";
			developmentRegion = en;
			hasScannedForEncodings = 0;
			knownRegions = (
				en,
				Base,
			);
			mainGroup = E50BF8BF267E94D900B6D83E;
			productRefGroup = E50BF8C9267E94D900B6D83E /* Products */;
			projectDirPath = "";
			projectRoot = "";
			targets = (
				E50BF8C7267E94D900B6D83E /* ManagerTool */,
			);
		};
/* End PBXProject section */

/* Begin PBXResourcesBuildPhase section */
		E50BF8C6267E94D900B6D83E /* Resources */ = {
			isa = PBXResourcesBuildPhase;
			buildActionMask = 2147483647;
			files = (
				E50BF8D8267E94E100B6D83E /* LaunchScreen.storyboard in Resources */,
				E50BF8D5267E94E100B6D83E /* Assets.xcassets in Resources */,
				E58D2081267EB0E30065B480 /* CustomBasketTableViewCell.xib in Resources */,
				E50BF8D3267E94D900B6D83E /* Main.storyboard in Resources */,
				E5F0A00B268235C600F59E59 /* GoogleService-Info.plist in Resources */,
			);
			runOnlyForDeploymentPostprocessing = 0;
		};
/* End PBXResourcesBuildPhase section */

/* Begin PBXShellScriptBuildPhase section */
		4B8ECC7370A2278C285D6C4D /* [CP] Embed Pods Frameworks */ = {
			isa = PBXShellScriptBuildPhase;
			buildActionMask = 2147483647;
			files = (
			);
			inputFileListPaths = (
				"${PODS_ROOT}/Target Support Files/Pods-ManagerTool/Pods-ManagerTool-frameworks-${CONFIGURATION}-input-files.xcfilelist",
			);
			name = "[CP] Embed Pods Frameworks";
			outputFileListPaths = (
				"${PODS_ROOT}/Target Support Files/Pods-ManagerTool/Pods-ManagerTool-frameworks-${CONFIGURATION}-output-files.xcfilelist",
			);
			runOnlyForDeploymentPostprocessing = 0;
			shellPath = /bin/sh;
			shellScript = "\"${PODS_ROOT}/Target Support Files/Pods-ManagerTool/Pods-ManagerTool-frameworks.sh\"\n";
			showEnvVarsInLog = 0;
		};
		58FE4AFD5DAE3E61B92343A4 /* [CP] Check Pods Manifest.lock */ = {
			isa = PBXShellScriptBuildPhase;
			buildActionMask = 2147483647;
			files = (
			);
			inputFileListPaths = (
			);
			inputPaths = (
				"${PODS_PODFILE_DIR_PATH}/Podfile.lock",
				"${PODS_ROOT}/Manifest.lock",
			);
			name = "[CP] Check Pods Manifest.lock";
			outputFileListPaths = (
			);
			outputPaths = (
				"$(DERIVED_FILE_DIR)/Pods-ManagerTool-checkManifestLockResult.txt",
			);
			runOnlyForDeploymentPostprocessing = 0;
			shellPath = /bin/sh;
			shellScript = "diff \"${PODS_PODFILE_DIR_PATH}/Podfile.lock\" \"${PODS_ROOT}/Manifest.lock\" > /dev/null\nif [ $? != 0 ] ; then\n    # print error to STDERR\n    echo \"error: The sandbox is not in sync with the Podfile.lock. Run 'pod install' or update your CocoaPods installation.\" >&2\n    exit 1\nfi\n# This output is used by Xcode 'outputs' to avoid re-running this script phase.\necho \"SUCCESS\" > \"${SCRIPT_OUTPUT_FILE_0}\"\n";
			showEnvVarsInLog = 0;
		};
/* End PBXShellScriptBuildPhase section */

/* Begin PBXSourcesBuildPhase section */
		E50BF8C4267E94D900B6D83E /* Sources */ = {
			isa = PBXSourcesBuildPhase;
			buildActionMask = 2147483647;
			files = (
				E58D207B267EAA960065B480 /* ProductListViewController.swift in Sources */,
				E58D2084267EB2680065B480 /* ProductsListCellModel.swift in Sources */,
				E58D6F5C26827E6800926134 /* ManagerAccountViewController.swift in Sources */,
				E50BF8CC267E94D900B6D83E /* AppDelegate.swift in Sources */,
				E53ED6F6267F918700C5B51C /* EldoradoWebSiteParser.swift in Sources */,
				E5F0A010268243A300F59E59 /* SaveActions.swift in Sources */,
				E58D6F542682798600926134 /* ProductAddMethodsViewController.swift in Sources */,
				E51F9E8A267FD38D00ABAC36 /* PopupConfirmViewController.swift in Sources */,
				E58D6F772682925900926134 /* DesignableView.swift in Sources */,
				E5F0A015268270D300F59E59 /* Product.swift in Sources */,
				E58D2080267EB0E30065B480 /* CustomProductsListTableViewCell.swift in Sources */,
				E50BF8CE267E94D900B6D83E /* SceneDelegate.swift in Sources */,
			);
			runOnlyForDeploymentPostprocessing = 0;
		};
/* End PBXSourcesBuildPhase section */

/* Begin PBXVariantGroup section */
		E50BF8D1267E94D900B6D83E /* Main.storyboard */ = {
			isa = PBXVariantGroup;
			children = (
				E50BF8D2267E94D900B6D83E /* Base */,
			);
			name = Main.storyboard;
			sourceTree = "<group>";
		};
		E50BF8D6267E94E100B6D83E /* LaunchScreen.storyboard */ = {
			isa = PBXVariantGroup;
			children = (
				E50BF8D7267E94E100B6D83E /* Base */,
			);
			name = LaunchScreen.storyboard;
			sourceTree = "<group>";
		};
/* End PBXVariantGroup section */

/* Begin XCBuildConfiguration section */
		E50BF8DA267E94E100B6D83E /* Debug */ = {
			isa = XCBuildConfiguration;
			buildSettings = {
				ALWAYS_SEARCH_USER_PATHS = NO;
				CLANG_ANALYZER_NONNULL = YES;
				CLANG_ANALYZER_NUMBER_OBJECT_CONVERSION = YES_AGGRESSIVE;
				CLANG_CXX_LANGUAGE_STANDARD = "gnu++14";
				CLANG_CXX_LIBRARY = "libc++";
				CLANG_ENABLE_MODULES = YES;
				CLANG_ENABLE_OBJC_ARC = YES;
				CLANG_ENABLE_OBJC_WEAK = YES;
				CLANG_WARN_BLOCK_CAPTURE_AUTORELEASING = YES;
				CLANG_WARN_BOOL_CONVERSION = YES;
				CLANG_WARN_COMMA = YES;
				CLANG_WARN_CONSTANT_CONVERSION = YES;
				CLANG_WARN_DEPRECATED_OBJC_IMPLEMENTATIONS = YES;
				CLANG_WARN_DIRECT_OBJC_ISA_USAGE = YES_ERROR;
				CLANG_WARN_DOCUMENTATION_COMMENTS = YES;
				CLANG_WARN_EMPTY_BODY = YES;
				CLANG_WARN_ENUM_CONVERSION = YES;
				CLANG_WARN_INFINITE_RECURSION = YES;
				CLANG_WARN_INT_CONVERSION = YES;
				CLANG_WARN_NON_LITERAL_NULL_CONVERSION = YES;
				CLANG_WARN_OBJC_IMPLICIT_RETAIN_SELF = YES;
				CLANG_WARN_OBJC_LITERAL_CONVERSION = YES;
				CLANG_WARN_OBJC_ROOT_CLASS = YES_ERROR;
				CLANG_WARN_QUOTED_INCLUDE_IN_FRAMEWORK_HEADER = YES;
				CLANG_WARN_RANGE_LOOP_ANALYSIS = YES;
				CLANG_WARN_STRICT_PROTOTYPES = YES;
				CLANG_WARN_SUSPICIOUS_MOVE = YES;
				CLANG_WARN_UNGUARDED_AVAILABILITY = YES_AGGRESSIVE;
				CLANG_WARN_UNREACHABLE_CODE = YES;
				CLANG_WARN__DUPLICATE_METHOD_MATCH = YES;
				COPY_PHASE_STRIP = NO;
				DEBUG_INFORMATION_FORMAT = dwarf;
				ENABLE_STRICT_OBJC_MSGSEND = YES;
				ENABLE_TESTABILITY = YES;
				GCC_C_LANGUAGE_STANDARD = gnu11;
				GCC_DYNAMIC_NO_PIC = NO;
				GCC_NO_COMMON_BLOCKS = YES;
				GCC_OPTIMIZATION_LEVEL = 0;
				GCC_PREPROCESSOR_DEFINITIONS = (
					"DEBUG=1",
					"$(inherited)",
				);
				GCC_WARN_64_TO_32_BIT_CONVERSION = YES;
				GCC_WARN_ABOUT_RETURN_TYPE = YES_ERROR;
				GCC_WARN_UNDECLARED_SELECTOR = YES;
				GCC_WARN_UNINITIALIZED_AUTOS = YES_AGGRESSIVE;
				GCC_WARN_UNUSED_FUNCTION = YES;
				GCC_WARN_UNUSED_VARIABLE = YES;
				IPHONEOS_DEPLOYMENT_TARGET = 14.4;
				MTL_ENABLE_DEBUG_INFO = INCLUDE_SOURCE;
				MTL_FAST_MATH = YES;
				ONLY_ACTIVE_ARCH = YES;
				SDKROOT = iphoneos;
				SWIFT_ACTIVE_COMPILATION_CONDITIONS = DEBUG;
				SWIFT_OPTIMIZATION_LEVEL = "-Onone";
			};
			name = Debug;
		};
		E50BF8DB267E94E100B6D83E /* Release */ = {
			isa = XCBuildConfiguration;
			buildSettings = {
				ALWAYS_SEARCH_USER_PATHS = NO;
				CLANG_ANALYZER_NONNULL = YES;
				CLANG_ANALYZER_NUMBER_OBJECT_CONVERSION = YES_AGGRESSIVE;
				CLANG_CXX_LANGUAGE_STANDARD = "gnu++14";
				CLANG_CXX_LIBRARY = "libc++";
				CLANG_ENABLE_MODULES = YES;
				CLANG_ENABLE_OBJC_ARC = YES;
				CLANG_ENABLE_OBJC_WEAK = YES;
				CLANG_WARN_BLOCK_CAPTURE_AUTORELEASING = YES;
				CLANG_WARN_BOOL_CONVERSION = YES;
				CLANG_WARN_COMMA = YES;
				CLANG_WARN_CONSTANT_CONVERSION = YES;
				CLANG_WARN_DEPRECATED_OBJC_IMPLEMENTATIONS = YES;
				CLANG_WARN_DIRECT_OBJC_ISA_USAGE = YES_ERROR;
				CLANG_WARN_DOCUMENTATION_COMMENTS = YES;
				CLANG_WARN_EMPTY_BODY = YES;
				CLANG_WARN_ENUM_CONVERSION = YES;
				CLANG_WARN_INFINITE_RECURSION = YES;
				CLANG_WARN_INT_CONVERSION = YES;
				CLANG_WARN_NON_LITERAL_NULL_CONVERSION = YES;
				CLANG_WARN_OBJC_IMPLICIT_RETAIN_SELF = YES;
				CLANG_WARN_OBJC_LITERAL_CONVERSION = YES;
				CLANG_WARN_OBJC_ROOT_CLASS = YES_ERROR;
				CLANG_WARN_QUOTED_INCLUDE_IN_FRAMEWORK_HEADER = YES;
				CLANG_WARN_RANGE_LOOP_ANALYSIS = YES;
				CLANG_WARN_STRICT_PROTOTYPES = YES;
				CLANG_WARN_SUSPICIOUS_MOVE = YES;
				CLANG_WARN_UNGUARDED_AVAILABILITY = YES_AGGRESSIVE;
				CLANG_WARN_UNREACHABLE_CODE = YES;
				CLANG_WARN__DUPLICATE_METHOD_MATCH = YES;
				COPY_PHASE_STRIP = NO;
				DEBUG_INFORMATION_FORMAT = "dwarf-with-dsym";
				ENABLE_NS_ASSERTIONS = NO;
				ENABLE_STRICT_OBJC_MSGSEND = YES;
				GCC_C_LANGUAGE_STANDARD = gnu11;
				GCC_NO_COMMON_BLOCKS = YES;
				GCC_WARN_64_TO_32_BIT_CONVERSION = YES;
				GCC_WARN_ABOUT_RETURN_TYPE = YES_ERROR;
				GCC_WARN_UNDECLARED_SELECTOR = YES;
				GCC_WARN_UNINITIALIZED_AUTOS = YES_AGGRESSIVE;
				GCC_WARN_UNUSED_FUNCTION = YES;
				GCC_WARN_UNUSED_VARIABLE = YES;
				IPHONEOS_DEPLOYMENT_TARGET = 14.4;
				MTL_ENABLE_DEBUG_INFO = NO;
				MTL_FAST_MATH = YES;
				SDKROOT = iphoneos;
				SWIFT_COMPILATION_MODE = wholemodule;
				SWIFT_OPTIMIZATION_LEVEL = "-O";
				VALIDATE_PRODUCT = YES;
			};
			name = Release;
		};
		E50BF8DD267E94E100B6D83E /* Debug */ = {
			isa = XCBuildConfiguration;
			baseConfigurationReference = EEDFFDE8D34C6F9A11A24625 /* Pods-ManagerTool.debug.xcconfig */;
			buildSettings = {
				ASSETCATALOG_COMPILER_APPICON_NAME = AppIcon;
				ASSETCATALOG_COMPILER_GLOBAL_ACCENT_COLOR_NAME = AccentColor;
				CODE_SIGN_STYLE = Automatic;
				DEVELOPMENT_TEAM = RTG39GK7BU;
				INFOPLIST_FILE = ManagerTool/Info.plist;
				IPHONEOS_DEPLOYMENT_TARGET = 12.1;
				LD_RUNPATH_SEARCH_PATHS = (
					"$(inherited)",
					"@executable_path/Frameworks",
				);
				PRODUCT_BUNDLE_IDENTIFIER = com.childrenofcorn.eldorado;
				PRODUCT_NAME = "$(TARGET_NAME)";
				SWIFT_VERSION = 5.0;
				TARGETED_DEVICE_FAMILY = "1,2";
			};
			name = Debug;
		};
		E50BF8DE267E94E100B6D83E /* Release */ = {
			isa = XCBuildConfiguration;
			baseConfigurationReference = 1736E1FA7E6B33EDBA72B655 /* Pods-ManagerTool.release.xcconfig */;
			buildSettings = {
				ASSETCATALOG_COMPILER_APPICON_NAME = AppIcon;
				ASSETCATALOG_COMPILER_GLOBAL_ACCENT_COLOR_NAME = AccentColor;
				CODE_SIGN_STYLE = Automatic;
				DEVELOPMENT_TEAM = RTG39GK7BU;
				INFOPLIST_FILE = ManagerTool/Info.plist;
				IPHONEOS_DEPLOYMENT_TARGET = 12.1;
				LD_RUNPATH_SEARCH_PATHS = (
					"$(inherited)",
					"@executable_path/Frameworks",
				);
				PRODUCT_BUNDLE_IDENTIFIER = com.childrenofcorn.eldorado;
				PRODUCT_NAME = "$(TARGET_NAME)";
				SWIFT_VERSION = 5.0;
				TARGETED_DEVICE_FAMILY = "1,2";
			};
			name = Release;
		};
/* End XCBuildConfiguration section */

/* Begin XCConfigurationList section */
		E50BF8C3267E94D900B6D83E /* Build configuration list for PBXProject "ManagerTool" */ = {
			isa = XCConfigurationList;
			buildConfigurations = (
				E50BF8DA267E94E100B6D83E /* Debug */,
				E50BF8DB267E94E100B6D83E /* Release */,
			);
			defaultConfigurationIsVisible = 0;
			defaultConfigurationName = Release;
		};
		E50BF8DC267E94E100B6D83E /* Build configuration list for PBXNativeTarget "ManagerTool" */ = {
			isa = XCConfigurationList;
			buildConfigurations = (
				E50BF8DD267E94E100B6D83E /* Debug */,
				E50BF8DE267E94E100B6D83E /* Release */,
			);
			defaultConfigurationIsVisible = 0;
			defaultConfigurationName = Release;
		};
/* End XCConfigurationList section */
	};
	rootObject = E50BF8C0267E94D900B6D83E /* Project object */;
}
