PODS:
  - Ji (5.0.0)
  - QRCodeReader.swift (10.1.0)
  - SwiftSoup (2.3.2)

DEPENDENCIES:
  - Ji (~> 5.0.0)
  - QRCodeReader.swift (~> 10.1.0)
  - SwiftSoup

SPEC REPOS:
  trunk:
    - Ji
    - QRCodeReader.swift
    - SwiftSoup

SPEC CHECKSUMS:
  Ji: d795fed288fe78658b404c88946d753b17d8d7f4
  QRCodeReader.swift: 373a389fe9a22d513c879a32a6f647c58f4ef572
  SwiftSoup: f97bc4e988c7729d6457f9642f974c617a6e2510

PODFILE CHECKSUM: d8d6f4c90183799b50411135677b25a2bf5aa7ff

COCOAPODS: 1.10.1
