PODS:
  - Ji (5.0.0)
  - QRCodeReader.swift (10.1.0)

DEPENDENCIES:
  - Ji (~> 5.0.0)
  - QRCodeReader.swift (~> 10.1.0)

SPEC REPOS:
  trunk:
    - Ji
    - QRCodeReader.swift

SPEC CHECKSUMS:
  Ji: d795fed288fe78658b404c88946d753b17d8d7f4
  QRCodeReader.swift: 373a389fe9a22d513c879a32a6f647c58f4ef572

PODFILE CHECKSUM: df6e13146628eb7de2b9ede49ad06fdb7592d557

COCOAPODS: 1.10.1
